// !$*UTF8*$!
{
	archiveVersion = 1;
	classes = {
	};
	objectVersion = 50;
	objects = {

/* Begin PBXBuildFile section */
		2636DD6526CC385700DE8FAC /* CravingView.swift in Sources */ = {isa = PBXBuildFile; fileRef = 2636DD6426CC385700DE8FAC /* CravingView.swift */; };
		26A2AA5926EEBB26005CFA2F /* RestrictionView.swift in Sources */ = {isa = PBXBuildFile; fileRef = 26A2AA5826EEBB26005CFA2F /* RestrictionView.swift */; };
		26B29B9B26BDB64300457C64 /* AppDelegate.swift in Sources */ = {isa = PBXBuildFile; fileRef = 26B29B9A26BDB64300457C64 /* AppDelegate.swift */; };
		26B29B9D26BDB64300457C64 /* SceneDelegate.swift in Sources */ = {isa = PBXBuildFile; fileRef = 26B29B9C26BDB64300457C64 /* SceneDelegate.swift */; };
		26B29B9F26BDB64300457C64 /* ContentView.swift in Sources */ = {isa = PBXBuildFile; fileRef = 26B29B9E26BDB64300457C64 /* ContentView.swift */; };
		26B29BA126BDB64400457C64 /* Assets.xcassets in Resources */ = {isa = PBXBuildFile; fileRef = 26B29BA026BDB64400457C64 /* Assets.xcassets */; };
		26B29BA426BDB64400457C64 /* Preview Assets.xcassets in Resources */ = {isa = PBXBuildFile; fileRef = 26B29BA326BDB64400457C64 /* Preview Assets.xcassets */; };
		26B29BA726BDB64400457C64 /* LaunchScreen.storyboard in Resources */ = {isa = PBXBuildFile; fileRef = 26B29BA526BDB64400457C64 /* LaunchScreen.storyboard */; };
/* End PBXBuildFile section */

/* Begin PBXFileReference section */
		2636DD6426CC385700DE8FAC /* CravingView.swift */ = {isa = PBXFileReference; lastKnownFileType = sourcecode.swift; path = CravingView.swift; sourceTree = "<group>"; };
		26A2AA5826EEBB26005CFA2F /* RestrictionView.swift */ = {isa = PBXFileReference; lastKnownFileType = sourcecode.swift; path = RestrictionView.swift; sourceTree = "<group>"; };
		26B29B9726BDB64300457C64 /* SnackyApp.app */ = {isa = PBXFileReference; explicitFileType = wrapper.application; includeInIndex = 0; path = SnackyApp.app; sourceTree = BUILT_PRODUCTS_DIR; };
		26B29B9A26BDB64300457C64 /* AppDelegate.swift */ = {isa = PBXFileReference; lastKnownFileType = sourcecode.swift; path = AppDelegate.swift; sourceTree = "<group>"; };
		26B29B9C26BDB64300457C64 /* SceneDelegate.swift */ = {isa = PBXFileReference; lastKnownFileType = sourcecode.swift; path = SceneDelegate.swift; sourceTree = "<group>"; };
		26B29B9E26BDB64300457C64 /* ContentView.swift */ = {isa = PBXFileReference; lastKnownFileType = sourcecode.swift; path = ContentView.swift; sourceTree = "<group>"; };
		26B29BA026BDB64400457C64 /* Assets.xcassets */ = {isa = PBXFileReference; lastKnownFileType = folder.assetcatalog; path = Assets.xcassets; sourceTree = "<group>"; };
		26B29BA326BDB64400457C64 /* Preview Assets.xcassets */ = {isa = PBXFileReference; lastKnownFileType = folder.assetcatalog; path = "Preview Assets.xcassets"; sourceTree = "<group>"; };
		26B29BA626BDB64400457C64 /* Base */ = {isa = PBXFileReference; lastKnownFileType = file.storyboard; name = Base; path = Base.lproj/LaunchScreen.storyboard; sourceTree = "<group>"; };
		26B29BA826BDB64400457C64 /* Info.plist */ = {isa = PBXFileReference; lastKnownFileType = text.plist.xml; path = Info.plist; sourceTree = "<group>"; };
/* End PBXFileReference section */

/* Begin PBXFrameworksBuildPhase section */
		26B29B9426BDB64300457C64 /* Frameworks */ = {
			isa = PBXFrameworksBuildPhase;
			buildActionMask = 2147483647;
			files = (
			);
			runOnlyForDeploymentPostprocessing = 0;
		};
/* End PBXFrameworksBuildPhase section */

/* Begin PBXGroup section */
		26B29B8E26BDB64300457C64 = {
			isa = PBXGroup;
			children = (
				26B29B9926BDB64300457C64 /* SnackyApp */,
				26B29B9826BDB64300457C64 /* Products */,
			);
			sourceTree = "<group>";
		};
		26B29B9826BDB64300457C64 /* Products */ = {
			isa = PBXGroup;
			children = (
				26B29B9726BDB64300457C64 /* SnackyApp.app */,
			);
			name = Products;
			sourceTree = "<group>";
		};
		26B29B9926BDB64300457C64 /* SnackyApp */ = {
			isa = PBXGroup;
			children = (
				26B29B9A26BDB64300457C64 /* AppDelegate.swift */,
				26B29B9C26BDB64300457C64 /* SceneDelegate.swift */,
				26B29B9E26BDB64300457C64 /* ContentView.swift */,
				26A2AA5826EEBB26005CFA2F /* RestrictionView.swift */,
				2636DD6426CC385700DE8FAC /* CravingView.swift */,
				26B29BA026BDB64400457C64 /* Assets.xcassets */,
				26B29BA526BDB64400457C64 /* LaunchScreen.storyboard */,
				26B29BA826BDB64400457C64 /* Info.plist */,
				26B29BA226BDB64400457C64 /* Preview Content */,
			);
			path = SnackyApp;
			sourceTree = "<group>";
		};
		26B29BA226BDB64400457C64 /* Preview Content */ = {
			isa = PBXGroup;
			children = (
				26B29BA326BDB64400457C64 /* Preview Assets.xcassets */,
			);
			path = "Preview Content";
			sourceTree = "<group>";
		};
/* End PBXGroup section */

/* Begin PBXNativeTarget section */
		26B29B9626BDB64300457C64 /* SnackyApp */ = {
			isa = PBXNativeTarget;
			buildConfigurationList = 26B29BAB26BDB64400457C64 /* Build configuration list for PBXNativeTarget "SnackyApp" */;
			buildPhases = (
				26B29B9326BDB64300457C64 /* Sources */,
				26B29B9426BDB64300457C64 /* Frameworks */,
				26B29B9526BDB64300457C64 /* Resources */,
			);
			buildRules = (
			);
			dependencies = (
			);
			name = SnackyApp;
			productName = SnackyApp;
			productReference = 26B29B9726BDB64300457C64 /* SnackyApp.app */;
			productType = "com.apple.product-type.application";
		};
/* End PBXNativeTarget section */

/* Begin PBXProject section */
		26B29B8F26BDB64300457C64 /* Project object */ = {
			isa = PBXProject;
			attributes = {
				LastSwiftUpdateCheck = 1250;
				LastUpgradeCheck = 1250;
				TargetAttributes = {
					26B29B9626BDB64300457C64 = {
						CreatedOnToolsVersion = 12.5.1;
					};
				};
			};
			buildConfigurationList = 26B29B9226BDB64300457C64 /* Build configuration list for PBXProject "SnackyApp" */;
			compatibilityVersion = "Xcode 9.3";
			developmentRegion = en;
			hasScannedForEncodings = 0;
			knownRegions = (
				en,
				Base,
			);
			mainGroup = 26B29B8E26BDB64300457C64;
			productRefGroup = 26B29B9826BDB64300457C64 /* Products */;
			projectDirPath = "";
			projectRoot = "";
			targets = (
				26B29B9626BDB64300457C64 /* SnackyApp */,
			);
		};
/* End PBXProject section */

/* Begin PBXResourcesBuildPhase section */
		26B29B9526BDB64300457C64 /* Resources */ = {
			isa = PBXResourcesBuildPhase;
			buildActionMask = 2147483647;
			files = (
				26B29BA726BDB64400457C64 /* LaunchScreen.storyboard in Resources */,
				26B29BA426BDB64400457C64 /* Preview Assets.xcassets in Resources */,
				26B29BA126BDB64400457C64 /* Assets.xcassets in Resources */,
			);
			runOnlyForDeploymentPostprocessing = 0;
		};
/* End PBXResourcesBuildPhase section */

/* Begin PBXSourcesBuildPhase section */
		26B29B9326BDB64300457C64 /* Sources */ = {
			isa = PBXSourcesBuildPhase;
			buildActionMask = 2147483647;
			files = (
				26B29B9B26BDB64300457C64 /* AppDelegate.swift in Sources */,
				26A2AA5926EEBB26005CFA2F /* RestrictionView.swift in Sources */,
				26B29B9D26BDB64300457C64 /* SceneDelegate.swift in Sources */,
				2636DD6526CC385700DE8FAC /* CravingView.swift in Sources */,
				26B29B9F26BDB64300457C64 /* ContentView.swift in Sources */,
			);
			runOnlyForDeploymentPostprocessing = 0;
		};
/* End PBXSourcesBuildPhase section */

/* Begin PBXVariantGroup section */
		26B29BA526BDB64400457C64 /* LaunchScreen.storyboard */ = {
			isa = PBXVariantGroup;
			children = (
				26B29BA626BDB64400457C64 /* Base */,
			);
			name = LaunchScreen.storyboard;
			sourceTree = "<group>";
		};
/* End PBXVariantGroup section */

/* Begin XCBuildConfiguration section */
		26B29BA926BDB64400457C64 /* Debug */ = {
			isa = XCBuildConfiguration;
			buildSettings = {
				ALWAYS_SEARCH_USER_PATHS = NO;
				CLANG_ANALYZER_NONNULL = YES;
				CLANG_ANALYZER_NUMBER_OBJECT_CONVERSION = YES_AGGRESSIVE;
				CLANG_CXX_LANGUAGE_STANDARD = "gnu++14";
				CLANG_CXX_LIBRARY = "libc++";
				CLANG_ENABLE_MODULES = YES;
				CLANG_ENABLE_OBJC_ARC = YES;
				CLANG_ENABLE_OBJC_WEAK = YES;
				CLANG_WARN_BLOCK_CAPTURE_AUTORELEASING = YES;
				CLANG_WARN_BOOL_CONVERSION = YES;
				CLANG_WARN_COMMA = YES;
				CLANG_WARN_CONSTANT_CONVERSION = YES;
				CLANG_WARN_DEPRECATED_OBJC_IMPLEMENTATIONS = YES;
				CLANG_WARN_DIRECT_OBJC_ISA_USAGE = YES_ERROR;
				CLANG_WARN_DOCUMENTATION_COMMENTS = YES;
				CLANG_WARN_EMPTY_BODY = YES;
				CLANG_WARN_ENUM_CONVERSION = YES;
				CLANG_WARN_INFINITE_RECURSION = YES;
				CLANG_WARN_INT_CONVERSION = YES;
				CLANG_WARN_NON_LITERAL_NULL_CONVERSION = YES;
				CLANG_WARN_OBJC_IMPLICIT_RETAIN_SELF = YES;
				CLANG_WARN_OBJC_LITERAL_CONVERSION = YES;
				CLANG_WARN_OBJC_ROOT_CLASS = YES_ERROR;
				CLANG_WARN_QUOTED_INCLUDE_IN_FRAMEWORK_HEADER = YES;
				CLANG_WARN_RANGE_LOOP_ANALYSIS = YES;
				CLANG_WARN_STRICT_PROTOTYPES = YES;
				CLANG_WARN_SUSPICIOUS_MOVE = YES;
				CLANG_WARN_UNGUARDED_AVAILABILITY = YES_AGGRESSIVE;
				CLANG_WARN_UNREACHABLE_CODE = YES;
				CLANG_WARN__DUPLICATE_METHOD_MATCH = YES;
				COPY_PHASE_STRIP = NO;
				DEBUG_INFORMATION_FORMAT = dwarf;
				ENABLE_STRICT_OBJC_MSGSEND = YES;
				ENABLE_TESTABILITY = YES;
				GCC_C_LANGUAGE_STANDARD = gnu11;
				GCC_DYNAMIC_NO_PIC = NO;
				GCC_NO_COMMON_BLOCKS = YES;
				GCC_OPTIMIZATION_LEVEL = 0;
				GCC_PREPROCESSOR_DEFINITIONS = (
					"DEBUG=1",
					"$(inherited)",
				);
				GCC_WARN_64_TO_32_BIT_CONVERSION = YES;
				GCC_WARN_ABOUT_RETURN_TYPE = YES_ERROR;
				GCC_WARN_UNDECLARED_SELECTOR = YES;
				GCC_WARN_UNINITIALIZED_AUTOS = YES_AGGRESSIVE;
				GCC_WARN_UNUSED_FUNCTION = YES;
				GCC_WARN_UNUSED_VARIABLE = YES;
				IPHONEOS_DEPLOYMENT_TARGET = 14.5;
				MTL_ENABLE_DEBUG_INFO = INCLUDE_SOURCE;
				MTL_FAST_MATH = YES;
				ONLY_ACTIVE_ARCH = YES;
				SDKROOT = iphoneos;
				SWIFT_ACTIVE_COMPILATION_CONDITIONS = DEBUG;
				SWIFT_OPTIMIZATION_LEVEL = "-Onone";
			};
			name = Debug;
		};
		26B29BAA26BDB64400457C64 /* Release */ = {
			isa = XCBuildConfiguration;
			buildSettings = {
				ALWAYS_SEARCH_USER_PATHS = NO;
				CLANG_ANALYZER_NONNULL = YES;
				CLANG_ANALYZER_NUMBER_OBJECT_CONVERSION = YES_AGGRESSIVE;
				CLANG_CXX_LANGUAGE_STANDARD = "gnu++14";
				CLANG_CXX_LIBRARY = "libc++";
				CLANG_ENABLE_MODULES = YES;
				CLANG_ENABLE_OBJC_ARC = YES;
				CLANG_ENABLE_OBJC_WEAK = YES;
				CLANG_WARN_BLOCK_CAPTURE_AUTORELEASING = YES;
				CLANG_WARN_BOOL_CONVERSION = YES;
				CLANG_WARN_COMMA = YES;
				CLANG_WARN_CONSTANT_CONVERSION = YES;
				CLANG_WARN_DEPRECATED_OBJC_IMPLEMENTATIONS = YES;
				CLANG_WARN_DIRECT_OBJC_ISA_USAGE = YES_ERROR;
				CLANG_WARN_DOCUMENTATION_COMMENTS = YES;
				CLANG_WARN_EMPTY_BODY = YES;
				CLANG_WARN_ENUM_CONVERSION = YES;
				CLANG_WARN_INFINITE_RECURSION = YES;
				CLANG_WARN_INT_CONVERSION = YES;
				CLANG_WARN_NON_LITERAL_NULL_CONVERSION = YES;
				CLANG_WARN_OBJC_IMPLICIT_RETAIN_SELF = YES;
				CLANG_WARN_OBJC_LITERAL_CONVERSION = YES;
				CLANG_WARN_OBJC_ROOT_CLASS = YES_ERROR;
				CLANG_WARN_QUOTED_INCLUDE_IN_FRAMEWORK_HEADER = YES;
				CLANG_WARN_RANGE_LOOP_ANALYSIS = YES;
				CLANG_WARN_STRICT_PROTOTYPES = YES;
				CLANG_WARN_SUSPICIOUS_MOVE = YES;
				CLANG_WARN_UNGUARDED_AVAILABILITY = YES_AGGRESSIVE;
				CLANG_WARN_UNREACHABLE_CODE = YES;
				CLANG_WARN__DUPLICATE_METHOD_MATCH = YES;
				COPY_PHASE_STRIP = NO;
				DEBUG_INFORMATION_FORMAT = "dwarf-with-dsym";
				ENABLE_NS_ASSERTIONS = NO;
				ENABLE_STRICT_OBJC_MSGSEND = YES;
				GCC_C_LANGUAGE_STANDARD = gnu11;
				GCC_NO_COMMON_BLOCKS = YES;
				GCC_WARN_64_TO_32_BIT_CONVERSION = YES;
				GCC_WARN_ABOUT_RETURN_TYPE = YES_ERROR;
				GCC_WARN_UNDECLARED_SELECTOR = YES;
				GCC_WARN_UNINITIALIZED_AUTOS = YES_AGGRESSIVE;
				GCC_WARN_UNUSED_FUNCTION = YES;
				GCC_WARN_UNUSED_VARIABLE = YES;
				IPHONEOS_DEPLOYMENT_TARGET = 14.5;
				MTL_ENABLE_DEBUG_INFO = NO;
				MTL_FAST_MATH = YES;
				SDKROOT = iphoneos;
				SWIFT_COMPILATION_MODE = wholemodule;
				SWIFT_OPTIMIZATION_LEVEL = "-O";
				VALIDATE_PRODUCT = YES;
			};
			name = Release;
		};
		26B29BAC26BDB64400457C64 /* Debug */ = {
			isa = XCBuildConfiguration;
			buildSettings = {
				ASSETCATALOG_COMPILER_APPICON_NAME = AppIcon;
				ASSETCATALOG_COMPILER_GLOBAL_ACCENT_COLOR_NAME = AccentColor;
				CODE_SIGN_STYLE = Automatic;
				DEVELOPMENT_ASSET_PATHS = "\"SnackyApp/Preview Content\"";
				ENABLE_PREVIEWS = YES;
				INFOPLIST_FILE = SnackyApp/Info.plist;
				LD_RUNPATH_SEARCH_PATHS = (
					"$(inherited)",
					"@executable_path/Frameworks",
				);
				PRODUCT_BUNDLE_IDENTIFIER = com.Snacky.SnackyApp;
				PRODUCT_NAME = "$(TARGET_NAME)";
				SWIFT_VERSION = 5.0;
				TARGETED_DEVICE_FAMILY = "1,2";
			};
			name = Debug;
		};
		26B29BAD26BDB64400457C64 /* Release */ = {
			isa = XCBuildConfiguration;
			buildSettings = {
				ASSETCATALOG_COMPILER_APPICON_NAME = AppIcon;
				ASSETCATALOG_COMPILER_GLOBAL_ACCENT_COLOR_NAME = AccentColor;
				CODE_SIGN_STYLE = Automatic;
				DEVELOPMENT_ASSET_PATHS = "\"SnackyApp/Preview Content\"";
				ENABLE_PREVIEWS = YES;
				INFOPLIST_FILE = SnackyApp/Info.plist;
				LD_RUNPATH_SEARCH_PATHS = (
					"$(inherited)",
					"@executable_path/Frameworks",
				);
				PRODUCT_BUNDLE_IDENTIFIER = com.Snacky.SnackyApp;
				PRODUCT_NAME = "$(TARGET_NAME)";
				SWIFT_VERSION = 5.0;
				TARGETED_DEVICE_FAMILY = "1,2";
			};
			name = Release;
		};
/* End XCBuildConfiguration section */

/* Begin XCConfigurationList section */
		26B29B9226BDB64300457C64 /* Build configuration list for PBXProject "SnackyApp" */ = {
			isa = XCConfigurationList;
			buildConfigurations = (
				26B29BA926BDB64400457C64 /* Debug */,
				26B29BAA26BDB64400457C64 /* Release */,
			);
			defaultConfigurationIsVisible = 0;
			defaultConfigurationName = Release;
		};
		26B29BAB26BDB64400457C64 /* Build configuration list for PBXNativeTarget "SnackyApp" */ = {
			isa = XCConfigurationList;
			buildConfigurations = (
				26B29BAC26BDB64400457C64 /* Debug */,
				26B29BAD26BDB64400457C64 /* Release */,
			);
			defaultConfigurationIsVisible = 0;
			defaultConfigurationName = Release;
		};
/* End XCConfigurationList section */
	};
	rootObject = 26B29B8F26BDB64300457C64 /* Project object */;
}
